
Microsoft Visual Studio Solution File, Format Version 12.00
# Visual Studio Version 16
VisualStudioVersion = 16.0.29306.81
MinimumVisualStudioVersion = 10.0.40219.1
Project("{9A19103F-16F7-4668-BE54-9A1E7A4F7556}") = "Skaitykla.MVC", "Skaitykla.MVC\Skaitykla.MVC.csproj", "{2E5DC7BB-2D35-4494-9514-269E3021A18F}"
EndProject
Project("{9A19103F-16F7-4668-BE54-9A1E7A4F7556}") = "Skaitykla._EF", "Skaitykla._EF\Skaitykla._EF.csproj", "{758760D9-68FB-46ED-BCB7-EDFEBF617F3C}"
EndProject
Project("{9A19103F-16F7-4668-BE54-9A1E7A4F7556}") = "Skaitykla._Domain", "Skaitykla._Domain\Skaitykla._Domain.csproj", "{C0379D35-D809-4801-800B-378DCE118F67}"
EndProject
Project("{FAE04EC0-301F-11D3-BF4B-00C04F79EFBC}") = "Skaitykla.Services", "Skaitykla.Services\Skaitykla.Services.csproj", "{9C0BCCE4-97A9-41E6-A079-434BB75E18D5}"
EndProject
Global
	GlobalSection(SolutionConfigurationPlatforms) = preSolution
		Debug|Any CPU = Debug|Any CPU
		Release|Any CPU = Release|Any CPU
	EndGlobalSection
	GlobalSection(ProjectConfigurationPlatforms) = postSolution
		{2E5DC7BB-2D35-4494-9514-269E3021A18F}.Debug|Any CPU.ActiveCfg = Debug|Any CPU
		{2E5DC7BB-2D35-4494-9514-269E3021A18F}.Debug|Any CPU.Build.0 = Debug|Any CPU
		{2E5DC7BB-2D35-4494-9514-269E3021A18F}.Release|Any CPU.ActiveCfg = Release|Any CPU
		{2E5DC7BB-2D35-4494-9514-269E3021A18F}.Release|Any CPU.Build.0 = Release|Any CPU
		{758760D9-68FB-46ED-BCB7-EDFEBF617F3C}.Debug|Any CPU.ActiveCfg = Debug|Any CPU
		{758760D9-68FB-46ED-BCB7-EDFEBF617F3C}.Debug|Any CPU.Build.0 = Debug|Any CPU
		{758760D9-68FB-46ED-BCB7-EDFEBF617F3C}.Release|Any CPU.ActiveCfg = Release|Any CPU
		{758760D9-68FB-46ED-BCB7-EDFEBF617F3C}.Release|Any CPU.Build.0 = Release|Any CPU
		{C0379D35-D809-4801-800B-378DCE118F67}.Debug|Any CPU.ActiveCfg = Debug|Any CPU
		{C0379D35-D809-4801-800B-378DCE118F67}.Debug|Any CPU.Build.0 = Debug|Any CPU
		{C0379D35-D809-4801-800B-378DCE118F67}.Release|Any CPU.ActiveCfg = Release|Any CPU
		{C0379D35-D809-4801-800B-378DCE118F67}.Release|Any CPU.Build.0 = Release|Any CPU
		{9C0BCCE4-97A9-41E6-A079-434BB75E18D5}.Debug|Any CPU.ActiveCfg = Debug|Any CPU
		{9C0BCCE4-97A9-41E6-A079-434BB75E18D5}.Debug|Any CPU.Build.0 = Debug|Any CPU
		{9C0BCCE4-97A9-41E6-A079-434BB75E18D5}.Release|Any CPU.ActiveCfg = Release|Any CPU
		{9C0BCCE4-97A9-41E6-A079-434BB75E18D5}.Release|Any CPU.Build.0 = Release|Any CPU
	EndGlobalSection
	GlobalSection(SolutionProperties) = preSolution
		HideSolutionNode = FALSE
	EndGlobalSection
	GlobalSection(ExtensibilityGlobals) = postSolution
		SolutionGuid = {2033D419-32B0-4BEF-8666-82416B23EBEF}
	EndGlobalSection
EndGlobal
